
Microsoft Visual Studio Solution File, Format Version 12.00
# Visual Studio Version 16
VisualStudioVersion = 16.0.30204.135
MinimumVisualStudioVersion = 10.0.40219.1
Project("{9A19103F-16F7-4668-BE54-9A1E7A4F7556}") = "BlazorApp", "BlazorApp\BlazorApp.csproj", "{28133D83-82FA-4A05-831F-CFCC6B040EDD}"
EndProject
Global
	GlobalSection(SolutionConfigurationPlatforms) = preSolution
		Debug|Any CPU = Debug|Any CPU
		Release|Any CPU = Release|Any CPU
	EndGlobalSection
	GlobalSection(ProjectConfigurationPlatforms) = postSolution
		{28133D83-82FA-4A05-831F-CFCC6B040EDD}.Debug|Any CPU.ActiveCfg = Debug|Any CPU
		{28133D83-82FA-4A05-831F-CFCC6B040EDD}.Debug|Any CPU.Build.0 = Debug|Any CPU
		{28133D83-82FA-4A05-831F-CFCC6B040EDD}.Release|Any CPU.ActiveCfg = Release|Any CPU
		{28133D83-82FA-4A05-831F-CFCC6B040EDD}.Release|Any CPU.Build.0 = Release|Any CPU
	EndGlobalSection
	GlobalSection(SolutionProperties) = preSolution
		HideSolutionNode = FALSE
	EndGlobalSection
	GlobalSection(ExtensibilityGlobals) = postSolution
		SolutionGuid = {48FD8605-58F2-451B-B2C6-C58C90C6C54C}
	EndGlobalSection
EndGlobal
